
Microsoft Visual Studio Solution File, Format Version 12.00
# Visual Studio Version 16
VisualStudioVersion = 16.0.31005.135
MinimumVisualStudioVersion = 10.0.40219.1
Project("{F2A71F9B-5D33-465A-A702-920D77279786}") = "HajosTeszt", "HajosTeszt\HajosTeszt.fsproj", "{46514DAC-A38E-412D-9F6D-B7B9B70DB28D}"
EndProject
Global
	GlobalSection(SolutionConfigurationPlatforms) = preSolution
		Debug|Any CPU = Debug|Any CPU
		Release|Any CPU = Release|Any CPU
	EndGlobalSection
	GlobalSection(ProjectConfigurationPlatforms) = postSolution
		{46514DAC-A38E-412D-9F6D-B7B9B70DB28D}.Debug|Any CPU.ActiveCfg = Debug|Any CPU
		{46514DAC-A38E-412D-9F6D-B7B9B70DB28D}.Debug|Any CPU.Build.0 = Debug|Any CPU
		{46514DAC-A38E-412D-9F6D-B7B9B70DB28D}.Release|Any CPU.ActiveCfg = Release|Any CPU
		{46514DAC-A38E-412D-9F6D-B7B9B70DB28D}.Release|Any CPU.Build.0 = Release|Any CPU
	EndGlobalSection
	GlobalSection(SolutionProperties) = preSolution
		HideSolutionNode = FALSE
	EndGlobalSection
	GlobalSection(ExtensibilityGlobals) = postSolution
		SolutionGuid = {09B04A3C-AAD4-4E15-B715-CAB775AD13EF}
	EndGlobalSection
EndGlobal
